
Microsoft Visual Studio Solution File, Format Version 12.00
# Visual Studio Version 17
VisualStudioVersion = 17.9.34622.214
MinimumVisualStudioVersion = 10.0.40219.1
Project("{FAE04EC0-301F-11D3-BF4B-00C04F79EFBC}") = "blazeit", "blazeit.csproj", "{61996D3A-56BA-4185-A8B9-F8EAF2B6CF5E}"
EndProject
Global
	GlobalSection(SolutionConfigurationPlatforms) = preSolution
		Debug|Any CPU = Debug|Any CPU
		Release|Any CPU = Release|Any CPU
	EndGlobalSection
	GlobalSection(ProjectConfigurationPlatforms) = postSolution
		{61996D3A-56BA-4185-A8B9-F8EAF2B6CF5E}.Debug|Any CPU.ActiveCfg = Debug|Any CPU
		{61996D3A-56BA-4185-A8B9-F8EAF2B6CF5E}.Debug|Any CPU.Build.0 = Debug|Any CPU
		{61996D3A-56BA-4185-A8B9-F8EAF2B6CF5E}.Release|Any CPU.ActiveCfg = Release|Any CPU
		{61996D3A-56BA-4185-A8B9-F8EAF2B6CF5E}.Release|Any CPU.Build.0 = Release|Any CPU
	EndGlobalSection
	GlobalSection(SolutionProperties) = preSolution
		HideSolutionNode = FALSE
	EndGlobalSection
	GlobalSection(ExtensibilityGlobals) = postSolution
		SolutionGuid = {E1BACFFF-0D9D-4ED7-883D-0481B31FA845}
	EndGlobalSection
EndGlobal
